{
  "name": "test",
  "version": "1.0.0",
  "lockfileVersion": 3,
  "requires": true,
  "packages": {
    "": {
      "name": "test",
      "version": "1.0.0",
      "license": "ISC",
      "dependencies": {
        "opendal": "^0.41.0"
      }
    },
    "node_modules/@opendal/lib-darwin-arm64": {
      "version": "0.41.0",
      "resolved": "https://registry.npmjs.org/@opendal/lib-darwin-arm64/-/lib-darwin-arm64-0.41.0.tgz",
      "integrity": "sha512-XV0iAV8QNMUEpnoyKC/7Y8cIqe6PGeOQ0iaeKguMYDvPv71gMUZEDZ/GRSZR65lCmSpeqs+djfye0wnUjt11Bw==",
      "cpu": [
        "arm64"
      ],
      "optional": true,
      "os": [
        "darwin"
      ],
      "engines": {
        "node": ">= 10"
      }
    },
    "node_modules/@opendal/lib-darwin-x64": {
      "version": "0.41.0",
      "resolved": "https://registry.npmjs.org/@opendal/lib-darwin-x64/-/lib-darwin-x64-0.41.0.tgz",
      "integrity": "sha512-OaZxeSPK117wK4NeWfRnMoaHpfHZ7HJqNQ6F87xZvl9Q7BLmrqRSxukcX+dsWWOf8xqHkIFMZimwdVChJDNRHQ==",
      "cpu": [
        "x64"
      ],
      "optional": true,
      "os": [
        "darwin"
      ],
      "engines": {
        "node": ">= 10"
      }
    },
    "node_modules/@opendal/lib-linux-x64-gnu": {
      "version": "0.41.0",
      "resolved": "https://registry.npmjs.org/@opendal/lib-linux-x64-gnu/-/lib-linux-x64-gnu-0.41.0.tgz",
      "integrity": "sha512-6n2GQ6ifhS7Dov6BZ2tnxEIoGUS1JcntpCwVQmeA4//SSckD3lAjq33XSK2UMEafSqh4vJJAAzjeejPUJUPfZA==",
      "cpu": [
        "x64"
      ],
      "optional": true,
      "os": [
        "linux"
      ],
      "engines": {
        "node": ">= 10"
      }
    },
    "node_modules/@opendal/lib-win32-x64-msvc": {
      "version": "0.41.0",
      "resolved": "https://registry.npmjs.org/@opendal/lib-win32-x64-msvc/-/lib-win32-x64-msvc-0.41.0.tgz",
      "integrity": "sha512-ZGJIz1oZ4s2Ym95loq92T0mbQGKd78U7T4tqjE6fNgmQ6p4y0Qu+mET125WLzyTMfwRq3YYb4HEuhCK1wMD0ZQ==",
      "cpu": [
        "x64"
      ],
      "optional": true,
      "os": [
        "win32"
      ],
      "engines": {
        "node": ">= 10"
      }
    },
    "node_modules/opendal": {
      "version": "0.41.0",
      "resolved": "https://registry.npmjs.org/opendal/-/opendal-0.41.0.tgz",
      "integrity": "sha512-Y3GxqpfK7V8C339hdL4TIwbooP2w0yl196tZUOIDvHBIKduwgwVWkpZnlTA+R4AgyLU6/LlVeAd4+nYzGvh/Nw==",
      "engines": {
        "node": ">= 10"
      },
      "optionalDependencies": {
        "@opendal/lib-darwin-arm64": "0.41.0",
        "@opendal/lib-darwin-x64": "0.41.0",
        "@opendal/lib-linux-x64-gnu": "0.41.0",
        "@opendal/lib-win32-x64-msvc": "0.41.0"
      }
    }
  }
}
